// !$*UTF8*$!
{
	archiveVersion = 1;
	classes = {
	};
	objectVersion = 56;
	objects = {

/* Begin PBXBuildFile section */
		C40D3B4C2A3A020B004E957E /* 名称未設定.001.png in Resources */ = {isa = PBXBuildFile; fileRef = C40D3B4B2A3A020B004E957E /* 名称未設定.001.png */; };
		C41DD3802A19F40300B665C9 /* AppDelegate.swift in Sources */ = {isa = PBXBuildFile; fileRef = C41DD37F2A19F40300B665C9 /* AppDelegate.swift */; };
		C41DD3822A19F40300B665C9 /* SceneDelegate.swift in Sources */ = {isa = PBXBuildFile; fileRef = C41DD3812A19F40300B665C9 /* SceneDelegate.swift */; };
		C41DD3842A19F40300B665C9 /* ViewController.swift in Sources */ = {isa = PBXBuildFile; fileRef = C41DD3832A19F40300B665C9 /* ViewController.swift */; };
		C41DD3872A19F40300B665C9 /* Main.storyboard in Resources */ = {isa = PBXBuildFile; fileRef = C41DD3852A19F40300B665C9 /* Main.storyboard */; };
		C41DD3892A19F40400B665C9 /* Assets.xcassets in Resources */ = {isa = PBXBuildFile; fileRef = C41DD3882A19F40400B665C9 /* Assets.xcassets */; };
		C41EADD82A2422D200DC63A2 /* ViewController2.swift in Sources */ = {isa = PBXBuildFile; fileRef = C41EADD72A2422D200DC63A2 /* ViewController2.swift */; };
		C41EADDD2A27751A00DC63A2 /* CollectionViewCell2.swift in Sources */ = {isa = PBXBuildFile; fileRef = C41EADDB2A27751A00DC63A2 /* CollectionViewCell2.swift */; };
		C41EADDE2A27751A00DC63A2 /* CollectionViewCell2.xib in Resources */ = {isa = PBXBuildFile; fileRef = C41EADDC2A27751A00DC63A2 /* CollectionViewCell2.xib */; };
/* End PBXBuildFile section */

/* Begin PBXFileReference section */
		C40D3B4B2A3A020B004E957E /* 名称未設定.001.png */ = {isa = PBXFileReference; lastKnownFileType = image.png; path = "名称未設定.001.png"; sourceTree = "<group>"; };
		C41DD37C2A19F40300B665C9 /* chero.app.230521.app */ = {isa = PBXFileReference; explicitFileType = wrapper.application; includeInIndex = 0; path = chero.app.230521.app; sourceTree = BUILT_PRODUCTS_DIR; };
		C41DD37F2A19F40300B665C9 /* AppDelegate.swift */ = {isa = PBXFileReference; lastKnownFileType = sourcecode.swift; path = AppDelegate.swift; sourceTree = "<group>"; };
		C41DD3812A19F40300B665C9 /* SceneDelegate.swift */ = {isa = PBXFileReference; lastKnownFileType = sourcecode.swift; path = SceneDelegate.swift; sourceTree = "<group>"; };
		C41DD3832A19F40300B665C9 /* ViewController.swift */ = {isa = PBXFileReference; lastKnownFileType = sourcecode.swift; path = ViewController.swift; sourceTree = "<group>"; };
		C41DD3862A19F40300B665C9 /* Base */ = {isa = PBXFileReference; lastKnownFileType = file.storyboard; name = Base; path = Base.lproj/Main.storyboard; sourceTree = "<group>"; };
		C41DD3882A19F40400B665C9 /* Assets.xcassets */ = {isa = PBXFileReference; lastKnownFileType = folder.assetcatalog; path = Assets.xcassets; sourceTree = "<group>"; };
		C41DD38D2A19F40400B665C9 /* Info.plist */ = {isa = PBXFileReference; lastKnownFileType = text.plist.xml; path = Info.plist; sourceTree = "<group>"; };
		C41EADD72A2422D200DC63A2 /* ViewController2.swift */ = {isa = PBXFileReference; lastKnownFileType = sourcecode.swift; path = ViewController2.swift; sourceTree = "<group>"; };
		C41EADDB2A27751A00DC63A2 /* CollectionViewCell2.swift */ = {isa = PBXFileReference; lastKnownFileType = sourcecode.swift; path = CollectionViewCell2.swift; sourceTree = "<group>"; };
		C41EADDC2A27751A00DC63A2 /* CollectionViewCell2.xib */ = {isa = PBXFileReference; lastKnownFileType = file.xib; path = CollectionViewCell2.xib; sourceTree = "<group>"; };
/* End PBXFileReference section */

/* Begin PBXFrameworksBuildPhase section */
		C41DD3792A19F40300B665C9 /* Frameworks */ = {
			isa = PBXFrameworksBuildPhase;
			buildActionMask = 2147483647;
			files = (
			);
			runOnlyForDeploymentPostprocessing = 0;
		};
/* End PBXFrameworksBuildPhase section */

/* Begin PBXGroup section */
		C41DD3732A19F40300B665C9 = {
			isa = PBXGroup;
			children = (
				C41DD37E2A19F40300B665C9 /* chero.app.230521 */,
				C41DD37D2A19F40300B665C9 /* Products */,
			);
			sourceTree = "<group>";
		};
		C41DD37D2A19F40300B665C9 /* Products */ = {
			isa = PBXGroup;
			children = (
				C41DD37C2A19F40300B665C9 /* chero.app.230521.app */,
			);
			name = Products;
			sourceTree = "<group>";
		};
		C41DD37E2A19F40300B665C9 /* chero.app.230521 */ = {
			isa = PBXGroup;
			children = (
				C41DD37F2A19F40300B665C9 /* AppDelegate.swift */,
				C41DD3812A19F40300B665C9 /* SceneDelegate.swift */,
				C41DD3832A19F40300B665C9 /* ViewController.swift */,
				C41DD3852A19F40300B665C9 /* Main.storyboard */,
				C41EADD72A2422D200DC63A2 /* ViewController2.swift */,
				C41DD3882A19F40400B665C9 /* Assets.xcassets */,
				C41DD38D2A19F40400B665C9 /* Info.plist */,
				C41EADDB2A27751A00DC63A2 /* CollectionViewCell2.swift */,
				C41EADDC2A27751A00DC63A2 /* CollectionViewCell2.xib */,
				C40D3B4B2A3A020B004E957E /* 名称未設定.001.png */,
			);
			path = chero.app.230521;
			sourceTree = "<group>";
		};
/* End PBXGroup section */

/* Begin PBXNativeTarget section */
		C41DD37B2A19F40300B665C9 /* chero.app.230521 */ = {
			isa = PBXNativeTarget;
			buildConfigurationList = C41DD3902A19F40400B665C9 /* Build configuration list for PBXNativeTarget "chero.app.230521" */;
			buildPhases = (
				C41DD3782A19F40300B665C9 /* Sources */,
				C41DD3792A19F40300B665C9 /* Frameworks */,
				C41DD37A2A19F40300B665C9 /* Resources */,
			);
			buildRules = (
			);
			dependencies = (
			);
			name = chero.app.230521;
			productName = chero.app.230521;
			productReference = C41DD37C2A19F40300B665C9 /* chero.app.230521.app */;
			productType = "com.apple.product-type.application";
		};
/* End PBXNativeTarget section */

/* Begin PBXProject section */
		C41DD3742A19F40300B665C9 /* Project object */ = {
			isa = PBXProject;
			attributes = {
				BuildIndependentTargetsInParallel = 1;
				LastSwiftUpdateCheck = 1430;
				LastUpgradeCheck = 1430;
				TargetAttributes = {
					C41DD37B2A19F40300B665C9 = {
						CreatedOnToolsVersion = 14.3;
					};
				};
			};
			buildConfigurationList = C41DD3772A19F40300B665C9 /* Build configuration list for PBXProject "chero.app.230521" */;
			compatibilityVersion = "Xcode 14.0";
			developmentRegion = en;
			hasScannedForEncodings = 0;
			knownRegions = (
				en,
				Base,
			);
			mainGroup = C41DD3732A19F40300B665C9;
			productRefGroup = C41DD37D2A19F40300B665C9 /* Products */;
			projectDirPath = "";
			projectRoot = "";
			targets = (
				C41DD37B2A19F40300B665C9 /* chero.app.230521 */,
			);
		};
/* End PBXProject section */

/* Begin PBXResourcesBuildPhase section */
		C41DD37A2A19F40300B665C9 /* Resources */ = {
			isa = PBXResourcesBuildPhase;
			buildActionMask = 2147483647;
			files = (
				C41DD3892A19F40400B665C9 /* Assets.xcassets in Resources */,
				C40D3B4C2A3A020B004E957E /* 名称未設定.001.png in Resources */,
				C41DD3872A19F40300B665C9 /* Main.storyboard in Resources */,
				C41EADDE2A27751A00DC63A2 /* CollectionViewCell2.xib in Resources */,
			);
			runOnlyForDeploymentPostprocessing = 0;
		};
/* End PBXResourcesBuildPhase section */

/* Begin PBXSourcesBuildPhase section */
		C41DD3782A19F40300B665C9 /* Sources */ = {
			isa = PBXSourcesBuildPhase;
			buildActionMask = 2147483647;
			files = (
				C41EADD82A2422D200DC63A2 /* ViewController2.swift in Sources */,
				C41DD3842A19F40300B665C9 /* ViewController.swift in Sources */,
				C41EADDD2A27751A00DC63A2 /* CollectionViewCell2.swift in Sources */,
				C41DD3802A19F40300B665C9 /* AppDelegate.swift in Sources */,
				C41DD3822A19F40300B665C9 /* SceneDelegate.swift in Sources */,
			);
			runOnlyForDeploymentPostprocessing = 0;
		};
/* End PBXSourcesBuildPhase section */

/* Begin PBXVariantGroup section */
		C41DD3852A19F40300B665C9 /* Main.storyboard */ = {
			isa = PBXVariantGroup;
			children = (
				C41DD3862A19F40300B665C9 /* Base */,
			);
			name = Main.storyboard;
			sourceTree = "<group>";
		};
/* End PBXVariantGroup section */

/* Begin XCBuildConfiguration section */
		C41DD38E2A19F40400B665C9 /* Debug */ = {
			isa = XCBuildConfiguration;
			buildSettings = {
				ALWAYS_SEARCH_USER_PATHS = NO;
				CLANG_ANALYZER_NONNULL = YES;
				CLANG_ANALYZER_NUMBER_OBJECT_CONVERSION = YES_AGGRESSIVE;
				CLANG_CXX_LANGUAGE_STANDARD = "gnu++20";
				CLANG_ENABLE_MODULES = YES;
				CLANG_ENABLE_OBJC_ARC = YES;
				CLANG_ENABLE_OBJC_WEAK = YES;
				CLANG_WARN_BLOCK_CAPTURE_AUTORELEASING = YES;
				CLANG_WARN_BOOL_CONVERSION = YES;
				CLANG_WARN_COMMA = YES;
				CLANG_WARN_CONSTANT_CONVERSION = YES;
				CLANG_WARN_DEPRECATED_OBJC_IMPLEMENTATIONS = YES;
				CLANG_WARN_DIRECT_OBJC_ISA_USAGE = YES_ERROR;
				CLANG_WARN_DOCUMENTATION_COMMENTS = YES;
				CLANG_WARN_EMPTY_BODY = YES;
				CLANG_WARN_ENUM_CONVERSION = YES;
				CLANG_WARN_INFINITE_RECURSION = YES;
				CLANG_WARN_INT_CONVERSION = YES;
				CLANG_WARN_NON_LITERAL_NULL_CONVERSION = YES;
				CLANG_WARN_OBJC_IMPLICIT_RETAIN_SELF = YES;
				CLANG_WARN_OBJC_LITERAL_CONVERSION = YES;
				CLANG_WARN_OBJC_ROOT_CLASS = YES_ERROR;
				CLANG_WARN_QUOTED_INCLUDE_IN_FRAMEWORK_HEADER = YES;
				CLANG_WARN_RANGE_LOOP_ANALYSIS = YES;
				CLANG_WARN_STRICT_PROTOTYPES = YES;
				CLANG_WARN_SUSPICIOUS_MOVE = YES;
				CLANG_WARN_UNGUARDED_AVAILABILITY = YES_AGGRESSIVE;
				CLANG_WARN_UNREACHABLE_CODE = YES;
				CLANG_WARN__DUPLICATE_METHOD_MATCH = YES;
				COPY_PHASE_STRIP = NO;
				DEBUG_INFORMATION_FORMAT = dwarf;
				ENABLE_STRICT_OBJC_MSGSEND = YES;
				ENABLE_TESTABILITY = YES;
				GCC_C_LANGUAGE_STANDARD = gnu11;
				GCC_DYNAMIC_NO_PIC = NO;
				GCC_NO_COMMON_BLOCKS = YES;
				GCC_OPTIMIZATION_LEVEL = 0;
				GCC_PREPROCESSOR_DEFINITIONS = (
					"DEBUG=1",
					"$(inherited)",
				);
				GCC_WARN_64_TO_32_BIT_CONVERSION = YES;
				GCC_WARN_ABOUT_RETURN_TYPE = YES_ERROR;
				GCC_WARN_UNDECLARED_SELECTOR = YES;
				GCC_WARN_UNINITIALIZED_AUTOS = YES_AGGRESSIVE;
				GCC_WARN_UNUSED_FUNCTION = YES;
				GCC_WARN_UNUSED_VARIABLE = YES;
				IPHONEOS_DEPLOYMENT_TARGET = 16.4;
				MTL_ENABLE_DEBUG_INFO = INCLUDE_SOURCE;
				MTL_FAST_MATH = YES;
				ONLY_ACTIVE_ARCH = YES;
				SDKROOT = iphoneos;
				SWIFT_ACTIVE_COMPILATION_CONDITIONS = DEBUG;
				SWIFT_OPTIMIZATION_LEVEL = "-Onone";
			};
			name = Debug;
		};
		C41DD38F2A19F40400B665C9 /* Release */ = {
			isa = XCBuildConfiguration;
			buildSettings = {
				ALWAYS_SEARCH_USER_PATHS = NO;
				CLANG_ANALYZER_NONNULL = YES;
				CLANG_ANALYZER_NUMBER_OBJECT_CONVERSION = YES_AGGRESSIVE;
				CLANG_CXX_LANGUAGE_STANDARD = "gnu++20";
				CLANG_ENABLE_MODULES = YES;
				CLANG_ENABLE_OBJC_ARC = YES;
				CLANG_ENABLE_OBJC_WEAK = YES;
				CLANG_WARN_BLOCK_CAPTURE_AUTORELEASING = YES;
				CLANG_WARN_BOOL_CONVERSION = YES;
				CLANG_WARN_COMMA = YES;
				CLANG_WARN_CONSTANT_CONVERSION = YES;
				CLANG_WARN_DEPRECATED_OBJC_IMPLEMENTATIONS = YES;
				CLANG_WARN_DIRECT_OBJC_ISA_USAGE = YES_ERROR;
				CLANG_WARN_DOCUMENTATION_COMMENTS = YES;
				CLANG_WARN_EMPTY_BODY = YES;
				CLANG_WARN_ENUM_CONVERSION = YES;
				CLANG_WARN_INFINITE_RECURSION = YES;
				CLANG_WARN_INT_CONVERSION = YES;
				CLANG_WARN_NON_LITERAL_NULL_CONVERSION = YES;
				CLANG_WARN_OBJC_IMPLICIT_RETAIN_SELF = YES;
				CLANG_WARN_OBJC_LITERAL_CONVERSION = YES;
				CLANG_WARN_OBJC_ROOT_CLASS = YES_ERROR;
				CLANG_WARN_QUOTED_INCLUDE_IN_FRAMEWORK_HEADER = YES;
				CLANG_WARN_RANGE_LOOP_ANALYSIS = YES;
				CLANG_WARN_STRICT_PROTOTYPES = YES;
				CLANG_WARN_SUSPICIOUS_MOVE = YES;
				CLANG_WARN_UNGUARDED_AVAILABILITY = YES_AGGRESSIVE;
				CLANG_WARN_UNREACHABLE_CODE = YES;
				CLANG_WARN__DUPLICATE_METHOD_MATCH = YES;
				COPY_PHASE_STRIP = NO;
				DEBUG_INFORMATION_FORMAT = "dwarf-with-dsym";
				ENABLE_NS_ASSERTIONS = NO;
				ENABLE_STRICT_OBJC_MSGSEND = YES;
				GCC_C_LANGUAGE_STANDARD = gnu11;
				GCC_NO_COMMON_BLOCKS = YES;
				GCC_WARN_64_TO_32_BIT_CONVERSION = YES;
				GCC_WARN_ABOUT_RETURN_TYPE = YES_ERROR;
				GCC_WARN_UNDECLARED_SELECTOR = YES;
				GCC_WARN_UNINITIALIZED_AUTOS = YES_AGGRESSIVE;
				GCC_WARN_UNUSED_FUNCTION = YES;
				GCC_WARN_UNUSED_VARIABLE = YES;
				IPHONEOS_DEPLOYMENT_TARGET = 16.4;
				MTL_ENABLE_DEBUG_INFO = NO;
				MTL_FAST_MATH = YES;
				SDKROOT = iphoneos;
				SWIFT_COMPILATION_MODE = wholemodule;
				SWIFT_OPTIMIZATION_LEVEL = "-O";
				VALIDATE_PRODUCT = YES;
			};
			name = Release;
		};
		C41DD3912A19F40400B665C9 /* Debug */ = {
			isa = XCBuildConfiguration;
			buildSettings = {
				ASSETCATALOG_COMPILER_APPICON_NAME = AppIcon;
				ASSETCATALOG_COMPILER_GLOBAL_ACCENT_COLOR_NAME = AccentColor;
				CODE_SIGN_STYLE = Automatic;
				CURRENT_PROJECT_VERSION = 1;
				DEVELOPMENT_TEAM = 4VH2DSL544;
				GENERATE_INFOPLIST_FILE = YES;
				INFOPLIST_FILE = chero.app.230521/Info.plist;
				INFOPLIST_KEY_UIApplicationSupportsIndirectInputEvents = YES;
				INFOPLIST_KEY_UIMainStoryboardFile = Main;
				INFOPLIST_KEY_UISupportedInterfaceOrientations_iPad = "UIInterfaceOrientationPortrait UIInterfaceOrientationPortraitUpsideDown UIInterfaceOrientationLandscapeLeft UIInterfaceOrientationLandscapeRight";
				INFOPLIST_KEY_UISupportedInterfaceOrientations_iPhone = "UIInterfaceOrientationPortrait UIInterfaceOrientationLandscapeLeft UIInterfaceOrientationLandscapeRight";
				LD_RUNPATH_SEARCH_PATHS = (
					"$(inherited)",
					"@executable_path/Frameworks",
				);
				MARKETING_VERSION = 1.0;
				PRODUCT_BUNDLE_IDENTIFIER = "app2.sakai.sun.230428.chero-app-230521";
				PRODUCT_NAME = "$(TARGET_NAME)";
				SWIFT_EMIT_LOC_STRINGS = YES;
				SWIFT_VERSION = 5.0;
				TARGETED_DEVICE_FAMILY = "1,2";
			};
			name = Debug;
		};
		C41DD3922A19F40400B665C9 /* Release */ = {
			isa = XCBuildConfiguration;
			buildSettings = {
				ASSETCATALOG_COMPILER_APPICON_NAME = AppIcon;
				ASSETCATALOG_COMPILER_GLOBAL_ACCENT_COLOR_NAME = AccentColor;
				CODE_SIGN_STYLE = Automatic;
				CURRENT_PROJECT_VERSION = 1;
				DEVELOPMENT_TEAM = 4VH2DSL544;
				GENERATE_INFOPLIST_FILE = YES;
				INFOPLIST_FILE = chero.app.230521/Info.plist;
				INFOPLIST_KEY_UIApplicationSupportsIndirectInputEvents = YES;
				INFOPLIST_KEY_UIMainStoryboardFile = Main;
				INFOPLIST_KEY_UISupportedInterfaceOrientations_iPad = "UIInterfaceOrientationPortrait UIInterfaceOrientationPortraitUpsideDown UIInterfaceOrientationLandscapeLeft UIInterfaceOrientationLandscapeRight";
				INFOPLIST_KEY_UISupportedInterfaceOrientations_iPhone = "UIInterfaceOrientationPortrait UIInterfaceOrientationLandscapeLeft UIInterfaceOrientationLandscapeRight";
				LD_RUNPATH_SEARCH_PATHS = (
					"$(inherited)",
					"@executable_path/Frameworks",
				);
				MARKETING_VERSION = 1.0;
				PRODUCT_BUNDLE_IDENTIFIER = "app2.sakai.sun.230428.chero-app-230521";
				PRODUCT_NAME = "$(TARGET_NAME)";
				SWIFT_EMIT_LOC_STRINGS = YES;
				SWIFT_VERSION = 5.0;
				TARGETED_DEVICE_FAMILY = "1,2";
			};
			name = Release;
		};
/* End XCBuildConfiguration section */

/* Begin XCConfigurationList section */
		C41DD3772A19F40300B665C9 /* Build configuration list for PBXProject "chero.app.230521" */ = {
			isa = XCConfigurationList;
			buildConfigurations = (
				C41DD38E2A19F40400B665C9 /* Debug */,
				C41DD38F2A19F40400B665C9 /* Release */,
			);
			defaultConfigurationIsVisible = 0;
			defaultConfigurationName = Release;
		};
		C41DD3902A19F40400B665C9 /* Build configuration list for PBXNativeTarget "chero.app.230521" */ = {
			isa = XCConfigurationList;
			buildConfigurations = (
				C41DD3912A19F40400B665C9 /* Debug */,
				C41DD3922A19F40400B665C9 /* Release */,
			);
			defaultConfigurationIsVisible = 0;
			defaultConfigurationName = Release;
		};
/* End XCConfigurationList section */
	};
	rootObject = C41DD3742A19F40300B665C9 /* Project object */;
}
